
Microsoft Visual Studio Solution File, Format Version 12.00
# Visual Studio Version 17
VisualStudioVersion = 17.13.35931.197
MinimumVisualStudioVersion = 10.0.40219.1
Project("{FAE04EC0-301F-11D3-BF4B-00C04F79EFBC}") = "Projeto-SPA-Blazor", "Projeto-SPA-Blazor\Projeto-SPA-Blazor.csproj", "{927DFAC9-4048-4826-A64B-CA0A5D89CBF2}"
EndProject
Project("{FAE04EC0-301F-11D3-BF4B-00C04F79EFBC}") = "Projeto-SPA.Api", "Projeto-SPA.Api\Projeto-SPA.Api.csproj", "{D9D9413B-1B93-387C-A0D7-A461F2668FCB}"
EndProject
Global
	GlobalSection(SolutionConfigurationPlatforms) = preSolution
		Debug|Any CPU = Debug|Any CPU
		Debug|x64 = Debug|x64
		Debug|x86 = Debug|x86
		Release|Any CPU = Release|Any CPU
		Release|x64 = Release|x64
		Release|x86 = Release|x86
	EndGlobalSection
	GlobalSection(ProjectConfigurationPlatforms) = postSolution
		{927DFAC9-4048-4826-A64B-CA0A5D89CBF2}.Debug|Any CPU.ActiveCfg = Debug|Any CPU
		{927DFAC9-4048-4826-A64B-CA0A5D89CBF2}.Debug|Any CPU.Build.0 = Debug|Any CPU
		{927DFAC9-4048-4826-A64B-CA0A5D89CBF2}.Debug|x64.ActiveCfg = Debug|Any CPU
		{927DFAC9-4048-4826-A64B-CA0A5D89CBF2}.Debug|x64.Build.0 = Debug|Any CPU
		{927DFAC9-4048-4826-A64B-CA0A5D89CBF2}.Debug|x86.ActiveCfg = Debug|Any CPU
		{927DFAC9-4048-4826-A64B-CA0A5D89CBF2}.Debug|x86.Build.0 = Debug|Any CPU
		{927DFAC9-4048-4826-A64B-CA0A5D89CBF2}.Release|Any CPU.ActiveCfg = Release|Any CPU
		{927DFAC9-4048-4826-A64B-CA0A5D89CBF2}.Release|Any CPU.Build.0 = Release|Any CPU
		{927DFAC9-4048-4826-A64B-CA0A5D89CBF2}.Release|x64.ActiveCfg = Release|Any CPU
		{927DFAC9-4048-4826-A64B-CA0A5D89CBF2}.Release|x64.Build.0 = Release|Any CPU
		{927DFAC9-4048-4826-A64B-CA0A5D89CBF2}.Release|x86.ActiveCfg = Release|Any CPU
		{927DFAC9-4048-4826-A64B-CA0A5D89CBF2}.Release|x86.Build.0 = Release|Any CPU
		{D9D9413B-1B93-387C-A0D7-A461F2668FCB}.Debug|Any CPU.ActiveCfg = Debug|Any CPU
		{D9D9413B-1B93-387C-A0D7-A461F2668FCB}.Debug|Any CPU.Build.0 = Debug|Any CPU
		{D9D9413B-1B93-387C-A0D7-A461F2668FCB}.Debug|x64.ActiveCfg = Debug|Any CPU
		{D9D9413B-1B93-387C-A0D7-A461F2668FCB}.Debug|x64.Build.0 = Debug|Any CPU
		{D9D9413B-1B93-387C-A0D7-A461F2668FCB}.Debug|x86.ActiveCfg = Debug|Any CPU
		{D9D9413B-1B93-387C-A0D7-A461F2668FCB}.Debug|x86.Build.0 = Debug|Any CPU
		{D9D9413B-1B93-387C-A0D7-A461F2668FCB}.Release|Any CPU.ActiveCfg = Release|Any CPU
		{D9D9413B-1B93-387C-A0D7-A461F2668FCB}.Release|Any CPU.Build.0 = Release|Any CPU
		{D9D9413B-1B93-387C-A0D7-A461F2668FCB}.Release|x64.ActiveCfg = Release|Any CPU
		{D9D9413B-1B93-387C-A0D7-A461F2668FCB}.Release|x64.Build.0 = Release|Any CPU
		{D9D9413B-1B93-387C-A0D7-A461F2668FCB}.Release|x86.ActiveCfg = Release|Any CPU
		{D9D9413B-1B93-387C-A0D7-A461F2668FCB}.Release|x86.Build.0 = Release|Any CPU
	EndGlobalSection
	GlobalSection(SolutionProperties) = preSolution
		HideSolutionNode = FALSE
	EndGlobalSection
	GlobalSection(ExtensibilityGlobals) = postSolution
		SolutionGuid = {5A1C6860-6FCF-4EDC-B06D-696824912D74}
	EndGlobalSection
EndGlobal
